github.com/go-chi/chi/v5 v5.2.5 h1:Eg4myHZBjyvJmAFjFvWgrqDTXFyOzjj7YIm3L3mu6Ug=
github.com/go-chi/chi/v5 v5.2.5/go.mod h1:X7Gx4mteadT3eDOMTsXzmI4/rwUpOwBHLpAfupzFJP0=
github.com/iaconlabs/transwarp v0.0.2 h1:rvKEnq3QIeVRtzJWrKOqIN3WIJ8ItLITGmewFjUIl5Y=
github.com/iaconlabs/transwarp v0.0.2/go.mod h1:8HrAWBKUihs2902rXQmivu+Z7XUo6O9iqRqcxQqlLGY=
